{
  "name": "mancipatio-chain-ledger",
  "version": "0.0.0",
  "lockfileVersion": 3,
  "requires": true,
  "packages": {
    "": {
      "name": "mancipatio-chain-ledger",
      "version": "0.0.0",
      "license": "UNLICENSED",
      "dependencies": {
        "@ledgerhq/hw-app-solana": "7.11.0",
        "@ledgerhq/hw-transport-node-hid-noevents": "6.36.0"
      }
    },
    "node_modules/@ledgerhq/devices": {
      "version": "8.18.0",
      "resolved": "https://registry.npmjs.org/@ledgerhq/devices/-/devices-8.18.0.tgz",
      "integrity": "sha512-90qS23wtqdviis+8pDWRbgyp4jE4YLK24CyAmH79rLySaPbgEJX5mZzbEKlDQ6cXvSA/51Z2/PtzmlAi26rzug==",
      "license": "Apache-2.0",
      "dependencies": {
        "semver": "7.7.3"
      }
    },
    "node_modules/@ledgerhq/errors": {
      "version": "6.37.0",
      "resolved": "https://registry.npmjs.org/@ledgerhq/errors/-/errors-6.37.0.tgz",
      "integrity": "sha512-T5yiKI5UX7ugeocdTF3TUsCIN2BH41Bio4ZeN410YFjFOf3es08n/5JyMzzKwzRgP0blG3HfBf7s7vJKqCSAeg==",
      "license": "Apache-2.0"
    },
    "node_modules/@ledgerhq/hw-app-solana": {
      "version": "7.11.0",
      "resolved": "https://registry.npmjs.org/@ledgerhq/hw-app-solana/-/hw-app-solana-7.11.0.tgz",
      "integrity": "sha512-1ZaWUH9WqTeDJRF6W2e0OSVMCuUbcur1cfU0ec9pSgrbot7g97RyPcWMH8X/N3oWpwP+FXSSh1BD0tj7eHTA4g==",
      "license": "Apache-2.0",
      "dependencies": {
        "@ledgerhq/hw-transport": "6.36.0",
        "bip32-path": "^0.4.2"
      }
    },
    "node_modules/@ledgerhq/hw-transport": {
      "version": "6.36.0",
      "resolved": "https://registry.npmjs.org/@ledgerhq/hw-transport/-/hw-transport-6.36.0.tgz",
      "integrity": "sha512-fU1rNnn6TgI9CrtynakAkhH09Tu4fTS5QEukO+71n0C5bFBL2Mee5WMQsuGaXBB8Ana3iJwbqZnm+0msssmY3g==",
      "license": "Apache-2.0",
      "dependencies": {
        "@ledgerhq/devices": "8.18.0",
        "@ledgerhq/logs": "6.19.0",
        "events": "^3.3.0"
      }
    },
    "node_modules/@ledgerhq/hw-transport-node-hid-noevents": {
      "version": "6.36.0",
      "resolved": "https://registry.npmjs.org/@ledgerhq/hw-transport-node-hid-noevents/-/hw-transport-node-hid-noevents-6.36.0.tgz",
      "integrity": "sha512-hsqybDCDtpNWeWVY2b/emrsFDqVfc3Rkv4+2b6h5ubPGsKWFd+7t0u6oy0sJEl5v6C+V/uxl03shBjWEcSoxgw==",
      "license": "Apache-2.0",
      "dependencies": {
        "@ledgerhq/devices": "8.16.0",
        "@ledgerhq/errors": "^6.37.0",
        "@ledgerhq/hw-transport": "6.35.5",
        "@ledgerhq/logs": "^6.17.0",
        "node-hid": "2.1.2"
      }
    },
    "node_modules/@ledgerhq/hw-transport-node-hid-noevents/node_modules/@ledgerhq/devices": {
      "version": "8.16.0",
      "resolved": "https://registry.npmjs.org/@ledgerhq/devices/-/devices-8.16.0.tgz",
      "integrity": "sha512-brXLPzkvGM3D5YNsWQ25P5G4SmWdSNBed9W8wKoOIRLGdRfvE+bg9mzFty0iZ+aRLBkLoXwX7xKIL9zUi6LBKQ==",
      "license": "Apache-2.0",
      "dependencies": {
        "semver": "7.7.3"
      }
    },
    "node_modules/@ledgerhq/hw-transport-node-hid-noevents/node_modules/@ledgerhq/hw-transport": {
      "version": "6.35.5",
      "resolved": "https://registry.npmjs.org/@ledgerhq/hw-transport/-/hw-transport-6.35.5.tgz",
      "integrity": "sha512-P4+wtLewLWgxPtIb90h5kjpzXVlC6f4IBQBmvowVFkInvZt34ffXkX7wa5KfMzu4l3cqCcpNSqtPSCMp+0vuqg==",
      "license": "Apache-2.0",
      "dependencies": {
        "@ledgerhq/devices": "8.16.0",
        "@ledgerhq/errors": "^6.37.0",
        "@ledgerhq/logs": "^6.17.0",
        "events": "^3.3.0"
      }
    },
    "node_modules/@ledgerhq/logs": {
      "version": "6.19.0",
      "resolved": "https://registry.npmjs.org/@ledgerhq/logs/-/logs-6.19.0.tgz",
      "integrity": "sha512-kmWj18C7eTtuytdaWygzVrQm9EoD4YWuYnd/kY8stVBBAzRdJzrGlm013ijQF6I/kGLKlGY7JKmll6j32KGpfQ==",
      "license": "Apache-2.0"
    },
    "node_modules/bip32-path": {
      "version": "0.4.2",
      "resolved": "https://registry.npmjs.org/bip32-path/-/bip32-path-0.4.2.tgz",
      "integrity": "sha512-ZBMCELjJfcNMkz5bDuJ1WrYvjlhEF5k6mQ8vUr4N7MbVRsXei7ZOg8VhhwMfNiW68NWmLkgkc6WvTickrLGprQ==",
      "license": "MIT"
    },
    "node_modules/events": {
      "version": "3.3.0",
      "resolved": "https://registry.npmjs.org/events/-/events-3.3.0.tgz",
      "integrity": "sha512-mQw+2fkQbALzQ7V0MY0IqdnXNOeTtP4r0lN9z7AAawCXgqea7bDii20AYrIBrFd/Hx0M2Ocz6S111CaFkUcb0Q==",
      "license": "MIT",
      "engines": {
        "node": ">=0.8.x"
      }
    },
    "node_modules/node-addon-api": {
      "version": "8.9.2",
      "resolved": "https://registry.npmjs.org/node-addon-api/-/node-addon-api-8.9.2.tgz",
      "integrity": "sha512-VijLXbi3UACN69I0JVXJsX4tjACjNoQDgv2gTF6sx2wWEi8tkSg2eX8p5gSIFi8z2+DL3oHmY6OyKce38SDolg==",
      "license": "MIT",
      "engines": {
        "node": "^18 || ^20 || >= 21"
      }
    },
    "node_modules/node-hid": {
      "version": "3.4.0",
      "resolved": "https://registry.npmjs.org/node-hid/-/node-hid-3.4.0.tgz",
      "integrity": "sha512-Br7EO3bJARAJBdtcsGzF/Vs5TjfbkaMdglqLQ+Rk9GOGgVqv5DxYUVH5znLerJU+OfBWw8sd552Ujcprz1bG9g==",
      "hasInstallScript": true,
      "license": "(MIT OR X11)",
      "dependencies": {
        "node-addon-api": "^8.9.0",
        "pkg-prebuilds": "^1.1.0"
      },
      "bin": {
        "hid-showdevices": "src/show-devices.js"
      },
      "engines": {
        "node": ">=10.16"
      }
    },
    "node_modules/pkg-prebuilds": {
      "version": "1.1.0",
      "resolved": "https://registry.npmjs.org/pkg-prebuilds/-/pkg-prebuilds-1.1.0.tgz",
      "integrity": "sha512-jyai+KTQ2OwbN6iRYw88XbYOMgtpoSYJpjYebx7d9ihqz3txNi3ucsBt3va0iVWe6svSlaqpijMHFF/eJCMZzg==",
      "license": "MIT",
      "bin": {
        "pkg-prebuilds-copy": "bin/copy.mjs",
        "pkg-prebuilds-verify": "bin/verify.mjs"
      },
      "engines": {
        "node": ">= 14.15.0"
      }
    },
    "node_modules/semver": {
      "version": "7.7.3",
      "resolved": "https://registry.npmjs.org/semver/-/semver-7.7.3.tgz",
      "integrity": "sha512-SdsKMrI9TdgjdweUSR9MweHA4EJ8YxHn8DFaDisvhVlUOe4BF1tLD7GAj0lIqWVl+dPb/rExr0Btby5loQm20Q==",
      "license": "ISC",
      "bin": {
        "semver": "bin/semver.js"
      },
      "engines": {
        "node": ">=10"
      }
    }
  }
}
